// !$*UTF8*$!
{
	archiveVersion = 1;
	classes = {
	};
	objectVersion = 50;
	objects = {

/* Begin PBXBuildFile section */
		C9760B1C2663F646009F66DA /* AppDelegate.swift in Sources */ = {isa = PBXBuildFile; fileRef = C9760B1B2663F646009F66DA /* AppDelegate.swift */; };
		C9760B1E2663F646009F66DA /* SceneDelegate.swift in Sources */ = {isa = PBXBuildFile; fileRef = C9760B1D2663F646009F66DA /* SceneDelegate.swift */; };
		C9760B202663F646009F66DA /* ViewController.swift in Sources */ = {isa = PBXBuildFile; fileRef = C9760B1F2663F646009F66DA /* ViewController.swift */; };
		C9760B232663F646009F66DA /* Main.storyboard in Resources */ = {isa = PBXBuildFile; fileRef = C9760B212663F646009F66DA /* Main.storyboard */; };
		C9760B252663F647009F66DA /* Assets.xcassets in Resources */ = {isa = PBXBuildFile; fileRef = C9760B242663F647009F66DA /* Assets.xcassets */; };
		C9760B282663F647009F66DA /* LaunchScreen.storyboard in Resources */ = {isa = PBXBuildFile; fileRef = C9760B262663F647009F66DA /* LaunchScreen.storyboard */; };
		C9760B332663F647009F66DA /* wtm_Tests.swift in Sources */ = {isa = PBXBuildFile; fileRef = C9760B322663F647009F66DA /* wtm_Tests.swift */; };
		C9760B3E2663F647009F66DA /* wtm_UITests.swift in Sources */ = {isa = PBXBuildFile; fileRef = C9760B3D2663F647009F66DA /* wtm_UITests.swift */; };
/* End PBXBuildFile section */

/* Begin PBXContainerItemProxy section */
		C9760B2F2663F647009F66DA /* PBXContainerItemProxy */ = {
			isa = PBXContainerItemProxy;
			containerPortal = C9760B102663F646009F66DA /* Project object */;
			proxyType = 1;
			remoteGlobalIDString = C9760B172663F646009F66DA;
			remoteInfo = "wtm?";
		};
		C9760B3A2663F647009F66DA /* PBXContainerItemProxy */ = {
			isa = PBXContainerItemProxy;
			containerPortal = C9760B102663F646009F66DA /* Project object */;
			proxyType = 1;
			remoteGlobalIDString = C9760B172663F646009F66DA;
			remoteInfo = "wtm?";
		};
/* End PBXContainerItemProxy section */

/* Begin PBXFileReference section */
		C9760B182663F646009F66DA /* wtm?.app */ = {isa = PBXFileReference; explicitFileType = wrapper.application; includeInIndex = 0; path = "wtm?.app"; sourceTree = BUILT_PRODUCTS_DIR; };
		C9760B1B2663F646009F66DA /* AppDelegate.swift */ = {isa = PBXFileReference; lastKnownFileType = sourcecode.swift; path = AppDelegate.swift; sourceTree = "<group>"; };
		C9760B1D2663F646009F66DA /* SceneDelegate.swift */ = {isa = PBXFileReference; lastKnownFileType = sourcecode.swift; path = SceneDelegate.swift; sourceTree = "<group>"; };
		C9760B1F2663F646009F66DA /* ViewController.swift */ = {isa = PBXFileReference; lastKnownFileType = sourcecode.swift; path = ViewController.swift; sourceTree = "<group>"; };
		C9760B222663F646009F66DA /* Base */ = {isa = PBXFileReference; lastKnownFileType = file.storyboard; name = Base; path = Base.lproj/Main.storyboard; sourceTree = "<group>"; };
		C9760B242663F647009F66DA /* Assets.xcassets */ = {isa = PBXFileReference; lastKnownFileType = folder.assetcatalog; path = Assets.xcassets; sourceTree = "<group>"; };
		C9760B272663F647009F66DA /* Base */ = {isa = PBXFileReference; lastKnownFileType = file.storyboard; name = Base; path = Base.lproj/LaunchScreen.storyboard; sourceTree = "<group>"; };
		C9760B292663F647009F66DA /* Info.plist */ = {isa = PBXFileReference; lastKnownFileType = text.plist.xml; path = Info.plist; sourceTree = "<group>"; };
		C9760B2E2663F647009F66DA /* wtm?Tests.xctest */ = {isa = PBXFileReference; explicitFileType = wrapper.cfbundle; includeInIndex = 0; path = "wtm?Tests.xctest"; sourceTree = BUILT_PRODUCTS_DIR; };
		C9760B322663F647009F66DA /* wtm_Tests.swift */ = {isa = PBXFileReference; lastKnownFileType = sourcecode.swift; path = wtm_Tests.swift; sourceTree = "<group>"; };
		C9760B342663F647009F66DA /* Info.plist */ = {isa = PBXFileReference; lastKnownFileType = text.plist.xml; path = Info.plist; sourceTree = "<group>"; };
		C9760B392663F647009F66DA /* wtm?UITests.xctest */ = {isa = PBXFileReference; explicitFileType = wrapper.cfbundle; includeInIndex = 0; path = "wtm?UITests.xctest"; sourceTree = BUILT_PRODUCTS_DIR; };
		C9760B3D2663F647009F66DA /* wtm_UITests.swift */ = {isa = PBXFileReference; lastKnownFileType = sourcecode.swift; path = wtm_UITests.swift; sourceTree = "<group>"; };
		C9760B3F2663F647009F66DA /* Info.plist */ = {isa = PBXFileReference; lastKnownFileType = text.plist.xml; path = Info.plist; sourceTree = "<group>"; };
/* End PBXFileReference section */

/* Begin PBXFrameworksBuildPhase section */
		C9760B152663F646009F66DA /* Frameworks */ = {
			isa = PBXFrameworksBuildPhase;
			buildActionMask = 2147483647;
			files = (
			);
			runOnlyForDeploymentPostprocessing = 0;
		};
		C9760B2B2663F647009F66DA /* Frameworks */ = {
			isa = PBXFrameworksBuildPhase;
			buildActionMask = 2147483647;
			files = (
			);
			runOnlyForDeploymentPostprocessing = 0;
		};
		C9760B362663F647009F66DA /* Frameworks */ = {
			isa = PBXFrameworksBuildPhase;
			buildActionMask = 2147483647;
			files = (
			);
			runOnlyForDeploymentPostprocessing = 0;
		};
/* End PBXFrameworksBuildPhase section */

/* Begin PBXGroup section */
		C9760B0F2663F646009F66DA = {
			isa = PBXGroup;
			children = (
				C9760B1A2663F646009F66DA /* wtm? */,
				C9760B312663F647009F66DA /* wtm?Tests */,
				C9760B3C2663F647009F66DA /* wtm?UITests */,
				C9760B192663F646009F66DA /* Products */,
			);
			sourceTree = "<group>";
		};
		C9760B192663F646009F66DA /* Products */ = {
			isa = PBXGroup;
			children = (
				C9760B182663F646009F66DA /* wtm?.app */,
				C9760B2E2663F647009F66DA /* wtm?Tests.xctest */,
				C9760B392663F647009F66DA /* wtm?UITests.xctest */,
			);
			name = Products;
			sourceTree = "<group>";
		};
		C9760B1A2663F646009F66DA /* wtm? */ = {
			isa = PBXGroup;
			children = (
				C9760B1B2663F646009F66DA /* AppDelegate.swift */,
				C9760B1D2663F646009F66DA /* SceneDelegate.swift */,
				C9760B1F2663F646009F66DA /* ViewController.swift */,
				C9760B212663F646009F66DA /* Main.storyboard */,
				C9760B242663F647009F66DA /* Assets.xcassets */,
				C9760B262663F647009F66DA /* LaunchScreen.storyboard */,
				C9760B292663F647009F66DA /* Info.plist */,
			);
			path = "wtm?";
			sourceTree = "<group>";
		};
		C9760B312663F647009F66DA /* wtm?Tests */ = {
			isa = PBXGroup;
			children = (
				C9760B322663F647009F66DA /* wtm_Tests.swift */,
				C9760B342663F647009F66DA /* Info.plist */,
			);
			path = "wtm?Tests";
			sourceTree = "<group>";
		};
		C9760B3C2663F647009F66DA /* wtm?UITests */ = {
			isa = PBXGroup;
			children = (
				C9760B3D2663F647009F66DA /* wtm_UITests.swift */,
				C9760B3F2663F647009F66DA /* Info.plist */,
			);
			path = "wtm?UITests";
			sourceTree = "<group>";
		};
/* End PBXGroup section */

/* Begin PBXNativeTarget section */
		C9760B172663F646009F66DA /* wtm? */ = {
			isa = PBXNativeTarget;
			buildConfigurationList = C9760B422663F647009F66DA /* Build configuration list for PBXNativeTarget "wtm?" */;
			buildPhases = (
				C9760B142663F646009F66DA /* Sources */,
				C9760B152663F646009F66DA /* Frameworks */,
				C9760B162663F646009F66DA /* Resources */,
			);
			buildRules = (
			);
			dependencies = (
			);
			name = "wtm?";
			productName = "wtm?";
			productReference = C9760B182663F646009F66DA /* wtm?.app */;
			productType = "com.apple.product-type.application";
		};
		C9760B2D2663F647009F66DA /* wtm?Tests */ = {
			isa = PBXNativeTarget;
			buildConfigurationList = C9760B452663F647009F66DA /* Build configuration list for PBXNativeTarget "wtm?Tests" */;
			buildPhases = (
				C9760B2A2663F647009F66DA /* Sources */,
				C9760B2B2663F647009F66DA /* Frameworks */,
				C9760B2C2663F647009F66DA /* Resources */,
			);
			buildRules = (
			);
			dependencies = (
				C9760B302663F647009F66DA /* PBXTargetDependency */,
			);
			name = "wtm?Tests";
			productName = "wtm?Tests";
			productReference = C9760B2E2663F647009F66DA /* wtm?Tests.xctest */;
			productType = "com.apple.product-type.bundle.unit-test";
		};
		C9760B382663F647009F66DA /* wtm?UITests */ = {
			isa = PBXNativeTarget;
			buildConfigurationList = C9760B482663F647009F66DA /* Build configuration list for PBXNativeTarget "wtm?UITests" */;
			buildPhases = (
				C9760B352663F647009F66DA /* Sources */,
				C9760B362663F647009F66DA /* Frameworks */,
				C9760B372663F647009F66DA /* Resources */,
			);
			buildRules = (
			);
			dependencies = (
				C9760B3B2663F647009F66DA /* PBXTargetDependency */,
			);
			name = "wtm?UITests";
			productName = "wtm?UITests";
			productReference = C9760B392663F647009F66DA /* wtm?UITests.xctest */;
			productType = "com.apple.product-type.bundle.ui-testing";
		};
/* End PBXNativeTarget section */

/* Begin PBXProject section */
		C9760B102663F646009F66DA /* Project object */ = {
			isa = PBXProject;
			attributes = {
				LastSwiftUpdateCheck = 1250;
				LastUpgradeCheck = 1250;
				TargetAttributes = {
					C9760B172663F646009F66DA = {
						CreatedOnToolsVersion = 12.5;
					};
					C9760B2D2663F647009F66DA = {
						CreatedOnToolsVersion = 12.5;
						TestTargetID = C9760B172663F646009F66DA;
					};
					C9760B382663F647009F66DA = {
						CreatedOnToolsVersion = 12.5;
						TestTargetID = C9760B172663F646009F66DA;
					};
				};
			};
			buildConfigurationList = C9760B132663F646009F66DA /* Build configuration list for PBXProject "wtm?" */;
			compatibilityVersion = "Xcode 9.3";
			developmentRegion = en;
			hasScannedForEncodings = 0;
			knownRegions = (
				en,
				Base,
			);
			mainGroup = C9760B0F2663F646009F66DA;
			productRefGroup = C9760B192663F646009F66DA /* Products */;
			projectDirPath = "";
			projectRoot = "";
			targets = (
				C9760B172663F646009F66DA /* wtm? */,
				C9760B2D2663F647009F66DA /* wtm?Tests */,
				C9760B382663F647009F66DA /* wtm?UITests */,
			);
		};
/* End PBXProject section */

/* Begin PBXResourcesBuildPhase section */
		C9760B162663F646009F66DA /* Resources */ = {
			isa = PBXResourcesBuildPhase;
			buildActionMask = 2147483647;
			files = (
				C9760B282663F647009F66DA /* LaunchScreen.storyboard in Resources */,
				C9760B252663F647009F66DA /* Assets.xcassets in Resources */,
				C9760B232663F646009F66DA /* Main.storyboard in Resources */,
			);
			runOnlyForDeploymentPostprocessing = 0;
		};
		C9760B2C2663F647009F66DA /* Resources */ = {
			isa = PBXResourcesBuildPhase;
			buildActionMask = 2147483647;
			files = (
			);
			runOnlyForDeploymentPostprocessing = 0;
		};
		C9760B372663F647009F66DA /* Resources */ = {
			isa = PBXResourcesBuildPhase;
			buildActionMask = 2147483647;
			files = (
			);
			runOnlyForDeploymentPostprocessing = 0;
		};
/* End PBXResourcesBuildPhase section */

/* Begin PBXSourcesBuildPhase section */
		C9760B142663F646009F66DA /* Sources */ = {
			isa = PBXSourcesBuildPhase;
			buildActionMask = 2147483647;
			files = (
				C9760B202663F646009F66DA /* ViewController.swift in Sources */,
				C9760B1C2663F646009F66DA /* AppDelegate.swift in Sources */,
				C9760B1E2663F646009F66DA /* SceneDelegate.swift in Sources */,
			);
			runOnlyForDeploymentPostprocessing = 0;
		};
		C9760B2A2663F647009F66DA /* Sources */ = {
			isa = PBXSourcesBuildPhase;
			buildActionMask = 2147483647;
			files = (
				C9760B332663F647009F66DA /* wtm_Tests.swift in Sources */,
			);
			runOnlyForDeploymentPostprocessing = 0;
		};
		C9760B352663F647009F66DA /* Sources */ = {
			isa = PBXSourcesBuildPhase;
			buildActionMask = 2147483647;
			files = (
				C9760B3E2663F647009F66DA /* wtm_UITests.swift in Sources */,
			);
			runOnlyForDeploymentPostprocessing = 0;
		};
/* End PBXSourcesBuildPhase section */

/* Begin PBXTargetDependency section */
		C9760B302663F647009F66DA /* PBXTargetDependency */ = {
			isa = PBXTargetDependency;
			target = C9760B172663F646009F66DA /* wtm? */;
			targetProxy = C9760B2F2663F647009F66DA /* PBXContainerItemProxy */;
		};
		C9760B3B2663F647009F66DA /* PBXTargetDependency */ = {
			isa = PBXTargetDependency;
			target = C9760B172663F646009F66DA /* wtm? */;
			targetProxy = C9760B3A2663F647009F66DA /* PBXContainerItemProxy */;
		};
/* End PBXTargetDependency section */

/* Begin PBXVariantGroup section */
		C9760B212663F646009F66DA /* Main.storyboard */ = {
			isa = PBXVariantGroup;
			children = (
				C9760B222663F646009F66DA /* Base */,
			);
			name = Main.storyboard;
			sourceTree = "<group>";
		};
		C9760B262663F647009F66DA /* LaunchScreen.storyboard */ = {
			isa = PBXVariantGroup;
			children = (
				C9760B272663F647009F66DA /* Base */,
			);
			name = LaunchScreen.storyboard;
			sourceTree = "<group>";
		};
/* End PBXVariantGroup section */

/* Begin XCBuildConfiguration section */
		C9760B402663F647009F66DA /* Debug */ = {
			isa = XCBuildConfiguration;
			buildSettings = {
				ALWAYS_SEARCH_USER_PATHS = NO;
				CLANG_ANALYZER_NONNULL = YES;
				CLANG_ANALYZER_NUMBER_OBJECT_CONVERSION = YES_AGGRESSIVE;
				CLANG_CXX_LANGUAGE_STANDARD = "gnu++14";
				CLANG_CXX_LIBRARY = "libc++";
				CLANG_ENABLE_MODULES = YES;
				CLANG_ENABLE_OBJC_ARC = YES;
				CLANG_ENABLE_OBJC_WEAK = YES;
				CLANG_WARN_BLOCK_CAPTURE_AUTORELEASING = YES;
				CLANG_WARN_BOOL_CONVERSION = YES;
				CLANG_WARN_COMMA = YES;
				CLANG_WARN_CONSTANT_CONVERSION = YES;
				CLANG_WARN_DEPRECATED_OBJC_IMPLEMENTATIONS = YES;
				CLANG_WARN_DIRECT_OBJC_ISA_USAGE = YES_ERROR;
				CLANG_WARN_DOCUMENTATION_COMMENTS = YES;
				CLANG_WARN_EMPTY_BODY = YES;
				CLANG_WARN_ENUM_CONVERSION = YES;
				CLANG_WARN_INFINITE_RECURSION = YES;
				CLANG_WARN_INT_CONVERSION = YES;
				CLANG_WARN_NON_LITERAL_NULL_CONVERSION = YES;
				CLANG_WARN_OBJC_IMPLICIT_RETAIN_SELF = YES;
				CLANG_WARN_OBJC_LITERAL_CONVERSION = YES;
				CLANG_WARN_OBJC_ROOT_CLASS = YES_ERROR;
				CLANG_WARN_QUOTED_INCLUDE_IN_FRAMEWORK_HEADER = YES;
				CLANG_WARN_RANGE_LOOP_ANALYSIS = YES;
				CLANG_WARN_STRICT_PROTOTYPES = YES;
				CLANG_WARN_SUSPICIOUS_MOVE = YES;
				CLANG_WARN_UNGUARDED_AVAILABILITY = YES_AGGRESSIVE;
				CLANG_WARN_UNREACHABLE_CODE = YES;
				CLANG_WARN__DUPLICATE_METHOD_MATCH = YES;
				COPY_PHASE_STRIP = NO;
				DEBUG_INFORMATION_FORMAT = dwarf;
				ENABLE_STRICT_OBJC_MSGSEND = YES;
				ENABLE_TESTABILITY = YES;
				GCC_C_LANGUAGE_STANDARD = gnu11;
				GCC_DYNAMIC_NO_PIC = NO;
				GCC_NO_COMMON_BLOCKS = YES;
				GCC_OPTIMIZATION_LEVEL = 0;
				GCC_PREPROCESSOR_DEFINITIONS = (
					"DEBUG=1",
					"$(inherited)",
				);
				GCC_WARN_64_TO_32_BIT_CONVERSION = YES;
				GCC_WARN_ABOUT_RETURN_TYPE = YES_ERROR;
				GCC_WARN_UNDECLARED_SELECTOR = YES;
				GCC_WARN_UNINITIALIZED_AUTOS = YES_AGGRESSIVE;
				GCC_WARN_UNUSED_FUNCTION = YES;
				GCC_WARN_UNUSED_VARIABLE = YES;
				IPHONEOS_DEPLOYMENT_TARGET = 14.5;
				MTL_ENABLE_DEBUG_INFO = INCLUDE_SOURCE;
				MTL_FAST_MATH = YES;
				ONLY_ACTIVE_ARCH = YES;
				SDKROOT = iphoneos;
				SWIFT_ACTIVE_COMPILATION_CONDITIONS = DEBUG;
				SWIFT_OPTIMIZATION_LEVEL = "-Onone";
			};
			name = Debug;
		};
		C9760B412663F647009F66DA /* Release */ = {
			isa = XCBuildConfiguration;
			buildSettings = {
				ALWAYS_SEARCH_USER_PATHS = NO;
				CLANG_ANALYZER_NONNULL = YES;
				CLANG_ANALYZER_NUMBER_OBJECT_CONVERSION = YES_AGGRESSIVE;
				CLANG_CXX_LANGUAGE_STANDARD = "gnu++14";
				CLANG_CXX_LIBRARY = "libc++";
				CLANG_ENABLE_MODULES = YES;
				CLANG_ENABLE_OBJC_ARC = YES;
				CLANG_ENABLE_OBJC_WEAK = YES;
				CLANG_WARN_BLOCK_CAPTURE_AUTORELEASING = YES;
				CLANG_WARN_BOOL_CONVERSION = YES;
				CLANG_WARN_COMMA = YES;
				CLANG_WARN_CONSTANT_CONVERSION = YES;
				CLANG_WARN_DEPRECATED_OBJC_IMPLEMENTATIONS = YES;
				CLANG_WARN_DIRECT_OBJC_ISA_USAGE = YES_ERROR;
				CLANG_WARN_DOCUMENTATION_COMMENTS = YES;
				CLANG_WARN_EMPTY_BODY = YES;
				CLANG_WARN_ENUM_CONVERSION = YES;
				CLANG_WARN_INFINITE_RECURSION = YES;
				CLANG_WARN_INT_CONVERSION = YES;
				CLANG_WARN_NON_LITERAL_NULL_CONVERSION = YES;
				CLANG_WARN_OBJC_IMPLICIT_RETAIN_SELF = YES;
				CLANG_WARN_OBJC_LITERAL_CONVERSION = YES;
				CLANG_WARN_OBJC_ROOT_CLASS = YES_ERROR;
				CLANG_WARN_QUOTED_INCLUDE_IN_FRAMEWORK_HEADER = YES;
				CLANG_WARN_RANGE_LOOP_ANALYSIS = YES;
				CLANG_WARN_STRICT_PROTOTYPES = YES;
				CLANG_WARN_SUSPICIOUS_MOVE = YES;
				CLANG_WARN_UNGUARDED_AVAILABILITY = YES_AGGRESSIVE;
				CLANG_WARN_UNREACHABLE_CODE = YES;
				CLANG_WARN__DUPLICATE_METHOD_MATCH = YES;
				COPY_PHASE_STRIP = NO;
				DEBUG_INFORMATION_FORMAT = "dwarf-with-dsym";
				ENABLE_NS_ASSERTIONS = NO;
				ENABLE_STRICT_OBJC_MSGSEND = YES;
				GCC_C_LANGUAGE_STANDARD = gnu11;
				GCC_NO_COMMON_BLOCKS = YES;
				GCC_WARN_64_TO_32_BIT_CONVERSION = YES;
				GCC_WARN_ABOUT_RETURN_TYPE = YES_ERROR;
				GCC_WARN_UNDECLARED_SELECTOR = YES;
				GCC_WARN_UNINITIALIZED_AUTOS = YES_AGGRESSIVE;
				GCC_WARN_UNUSED_FUNCTION = YES;
				GCC_WARN_UNUSED_VARIABLE = YES;
				IPHONEOS_DEPLOYMENT_TARGET = 14.5;
				MTL_ENABLE_DEBUG_INFO = NO;
				MTL_FAST_MATH = YES;
				SDKROOT = iphoneos;
				SWIFT_COMPILATION_MODE = wholemodule;
				SWIFT_OPTIMIZATION_LEVEL = "-O";
				VALIDATE_PRODUCT = YES;
			};
			name = Release;
		};
		C9760B432663F647009F66DA /* Debug */ = {
			isa = XCBuildConfiguration;
			buildSettings = {
				ASSETCATALOG_COMPILER_APPICON_NAME = AppIcon;
				ASSETCATALOG_COMPILER_GLOBAL_ACCENT_COLOR_NAME = AccentColor;
				CODE_SIGN_STYLE = Automatic;
				DEVELOPMENT_TEAM = 5BE9AG9X7E;
				INFOPLIST_FILE = "wtm?/Info.plist";
				LD_RUNPATH_SEARCH_PATHS = (
					"$(inherited)",
					"@executable_path/Frameworks",
				);
				PRODUCT_BUNDLE_IDENTIFIER = "com.matthew.wtm-";
				PRODUCT_NAME = "$(TARGET_NAME)";
				SWIFT_VERSION = 5.0;
				TARGETED_DEVICE_FAMILY = "1,2";
			};
			name = Debug;
		};
		C9760B442663F647009F66DA /* Release */ = {
			isa = XCBuildConfiguration;
			buildSettings = {
				ASSETCATALOG_COMPILER_APPICON_NAME = AppIcon;
				ASSETCATALOG_COMPILER_GLOBAL_ACCENT_COLOR_NAME = AccentColor;
				CODE_SIGN_STYLE = Automatic;
				DEVELOPMENT_TEAM = 5BE9AG9X7E;
				INFOPLIST_FILE = "wtm?/Info.plist";
				LD_RUNPATH_SEARCH_PATHS = (
					"$(inherited)",
					"@executable_path/Frameworks",
				);
				PRODUCT_BUNDLE_IDENTIFIER = "com.matthew.wtm-";
				PRODUCT_NAME = "$(TARGET_NAME)";
				SWIFT_VERSION = 5.0;
				TARGETED_DEVICE_FAMILY = "1,2";
			};
			name = Release;
		};
		C9760B462663F647009F66DA /* Debug */ = {
			isa = XCBuildConfiguration;
			buildSettings = {
				ALWAYS_EMBED_SWIFT_STANDARD_LIBRARIES = YES;
				BUNDLE_LOADER = "$(TEST_HOST)";
				CODE_SIGN_STYLE = Automatic;
				DEVELOPMENT_TEAM = 5BE9AG9X7E;
				INFOPLIST_FILE = "wtm?Tests/Info.plist";
				IPHONEOS_DEPLOYMENT_TARGET = 14.5;
				LD_RUNPATH_SEARCH_PATHS = (
					"$(inherited)",
					"@executable_path/Frameworks",
					"@loader_path/Frameworks",
				);
				PRODUCT_BUNDLE_IDENTIFIER = "com.matthew.wtm-Tests";
				PRODUCT_NAME = "$(TARGET_NAME)";
				SWIFT_VERSION = 5.0;
				TARGETED_DEVICE_FAMILY = "1,2";
				TEST_HOST = "$(BUILT_PRODUCTS_DIR)/wtm?.app/wtm?";
			};
			name = Debug;
		};
		C9760B472663F647009F66DA /* Release */ = {
			isa = XCBuildConfiguration;
			buildSettings = {
				ALWAYS_EMBED_SWIFT_STANDARD_LIBRARIES = YES;
				BUNDLE_LOADER = "$(TEST_HOST)";
				CODE_SIGN_STYLE = Automatic;
				DEVELOPMENT_TEAM = 5BE9AG9X7E;
				INFOPLIST_FILE = "wtm?Tests/Info.plist";
				IPHONEOS_DEPLOYMENT_TARGET = 14.5;
				LD_RUNPATH_SEARCH_PATHS = (
					"$(inherited)",
					"@executable_path/Frameworks",
					"@loader_path/Frameworks",
				);
				PRODUCT_BUNDLE_IDENTIFIER = "com.matthew.wtm-Tests";
				PRODUCT_NAME = "$(TARGET_NAME)";
				SWIFT_VERSION = 5.0;
				TARGETED_DEVICE_FAMILY = "1,2";
				TEST_HOST = "$(BUILT_PRODUCTS_DIR)/wtm?.app/wtm?";
			};
			name = Release;
		};
		C9760B492663F647009F66DA /* Debug */ = {
			isa = XCBuildConfiguration;
			buildSettings = {
				ALWAYS_EMBED_SWIFT_STANDARD_LIBRARIES = YES;
				CODE_SIGN_STYLE = Automatic;
				DEVELOPMENT_TEAM = 5BE9AG9X7E;
				INFOPLIST_FILE = "wtm?UITests/Info.plist";
				LD_RUNPATH_SEARCH_PATHS = (
					"$(inherited)",
					"@executable_path/Frameworks",
					"@loader_path/Frameworks",
				);
				PRODUCT_BUNDLE_IDENTIFIER = "com.matthew.wtm-UITests";
				PRODUCT_NAME = "$(TARGET_NAME)";
				SWIFT_VERSION = 5.0;
				TARGETED_DEVICE_FAMILY = "1,2";
				TEST_TARGET_NAME = "wtm?";
			};
			name = Debug;
		};
		C9760B4A2663F647009F66DA /* Release */ = {
			isa = XCBuildConfiguration;
			buildSettings = {
				ALWAYS_EMBED_SWIFT_STANDARD_LIBRARIES = YES;
				CODE_SIGN_STYLE = Automatic;
				DEVELOPMENT_TEAM = 5BE9AG9X7E;
				INFOPLIST_FILE = "wtm?UITests/Info.plist";
				LD_RUNPATH_SEARCH_PATHS = (
					"$(inherited)",
					"@executable_path/Frameworks",
					"@loader_path/Frameworks",
				);
				PRODUCT_BUNDLE_IDENTIFIER = "com.matthew.wtm-UITests";
				PRODUCT_NAME = "$(TARGET_NAME)";
				SWIFT_VERSION = 5.0;
				TARGETED_DEVICE_FAMILY = "1,2";
				TEST_TARGET_NAME = "wtm?";
			};
			name = Release;
		};
/* End XCBuildConfiguration section */

/* Begin XCConfigurationList section */
		C9760B132663F646009F66DA /* Build configuration list for PBXProject "wtm?" */ = {
			isa = XCConfigurationList;
			buildConfigurations = (
				C9760B402663F647009F66DA /* Debug */,
				C9760B412663F647009F66DA /* Release */,
			);
			defaultConfigurationIsVisible = 0;
			defaultConfigurationName = Release;
		};
		C9760B422663F647009F66DA /* Build configuration list for PBXNativeTarget "wtm?" */ = {
			isa = XCConfigurationList;
			buildConfigurations = (
				C9760B432663F647009F66DA /* Debug */,
				C9760B442663F647009F66DA /* Release */,
			);
			defaultConfigurationIsVisible = 0;
			defaultConfigurationName = Release;
		};
		C9760B452663F647009F66DA /* Build configuration list for PBXNativeTarget "wtm?Tests" */ = {
			isa = XCConfigurationList;
			buildConfigurations = (
				C9760B462663F647009F66DA /* Debug */,
				C9760B472663F647009F66DA /* Release */,
			);
			defaultConfigurationIsVisible = 0;
			defaultConfigurationName = Release;
		};
		C9760B482663F647009F66DA /* Build configuration list for PBXNativeTarget "wtm?UITests" */ = {
			isa = XCConfigurationList;
			buildConfigurations = (
				C9760B492663F647009F66DA /* Debug */,
				C9760B4A2663F647009F66DA /* Release */,
			);
			defaultConfigurationIsVisible = 0;
			defaultConfigurationName = Release;
		};
/* End XCConfigurationList section */
	};
	rootObject = C9760B102663F646009F66DA /* Project object */;
}
